
Microsoft Visual Studio Solution File, Format Version 12.00
# Visual Studio Version 17
VisualStudioVersion = 17.10.35027.167
MinimumVisualStudioVersion = 10.0.40219.1
Project("{FAE04EC0-301F-11D3-BF4B-00C04F79EFBC}") = "Entity", "Entity\Entity.csproj", "{68601FCB-5653-4C62-87A3-3C3A198C5538}"
EndProject
Project("{FAE04EC0-301F-11D3-BF4B-00C04F79EFBC}") = "Service", "Service\Service.csproj", "{9C48F1DB-1BF3-4426-9DF3-A20A8EC07DFA}"
EndProject
Project("{FAE04EC0-301F-11D3-BF4B-00C04F79EFBC}") = "Repository", "Repository\Repository.csproj", "{4789B938-6934-4FA3-B825-A5C66DD7BED8}"
EndProject
Project("{FAE04EC0-301F-11D3-BF4B-00C04F79EFBC}") = "Web", "Web\Web.csproj", "{92D11A13-2828-4C5E-B011-49FA530D0E44}"
EndProject
Project("{FAE04EC0-301F-11D3-BF4B-00C04F79EFBC}") = "Utilities", "Utilities\Utilities.csproj", "{47E4898B-260D-4829-B650-BF29D66AC6A3}"
EndProject
Global
	GlobalSection(SolutionConfigurationPlatforms) = preSolution
		Debug|Any CPU = Debug|Any CPU
		Release|Any CPU = Release|Any CPU
	EndGlobalSection
	GlobalSection(ProjectConfigurationPlatforms) = postSolution
		{68601FCB-5653-4C62-87A3-3C3A198C5538}.Debug|Any CPU.ActiveCfg = Debug|Any CPU
		{68601FCB-5653-4C62-87A3-3C3A198C5538}.Debug|Any CPU.Build.0 = Debug|Any CPU
		{68601FCB-5653-4C62-87A3-3C3A198C5538}.Release|Any CPU.ActiveCfg = Release|Any CPU
		{68601FCB-5653-4C62-87A3-3C3A198C5538}.Release|Any CPU.Build.0 = Release|Any CPU
		{9C48F1DB-1BF3-4426-9DF3-A20A8EC07DFA}.Debug|Any CPU.ActiveCfg = Debug|Any CPU
		{9C48F1DB-1BF3-4426-9DF3-A20A8EC07DFA}.Debug|Any CPU.Build.0 = Debug|Any CPU
		{9C48F1DB-1BF3-4426-9DF3-A20A8EC07DFA}.Release|Any CPU.ActiveCfg = Release|Any CPU
		{9C48F1DB-1BF3-4426-9DF3-A20A8EC07DFA}.Release|Any CPU.Build.0 = Release|Any CPU
		{4789B938-6934-4FA3-B825-A5C66DD7BED8}.Debug|Any CPU.ActiveCfg = Debug|Any CPU
		{4789B938-6934-4FA3-B825-A5C66DD7BED8}.Debug|Any CPU.Build.0 = Debug|Any CPU
		{4789B938-6934-4FA3-B825-A5C66DD7BED8}.Release|Any CPU.ActiveCfg = Release|Any CPU
		{4789B938-6934-4FA3-B825-A5C66DD7BED8}.Release|Any CPU.Build.0 = Release|Any CPU
		{92D11A13-2828-4C5E-B011-49FA530D0E44}.Debug|Any CPU.ActiveCfg = Debug|Any CPU
		{92D11A13-2828-4C5E-B011-49FA530D0E44}.Debug|Any CPU.Build.0 = Debug|Any CPU
		{92D11A13-2828-4C5E-B011-49FA530D0E44}.Release|Any CPU.ActiveCfg = Release|Any CPU
		{92D11A13-2828-4C5E-B011-49FA530D0E44}.Release|Any CPU.Build.0 = Release|Any CPU
		{47E4898B-260D-4829-B650-BF29D66AC6A3}.Debug|Any CPU.ActiveCfg = Debug|Any CPU
		{47E4898B-260D-4829-B650-BF29D66AC6A3}.Debug|Any CPU.Build.0 = Debug|Any CPU
		{47E4898B-260D-4829-B650-BF29D66AC6A3}.Release|Any CPU.ActiveCfg = Release|Any CPU
		{47E4898B-260D-4829-B650-BF29D66AC6A3}.Release|Any CPU.Build.0 = Release|Any CPU
	EndGlobalSection
	GlobalSection(SolutionProperties) = preSolution
		HideSolutionNode = FALSE
	EndGlobalSection
	GlobalSection(ExtensibilityGlobals) = postSolution
		SolutionGuid = {CEBCF007-9351-445E-8C78-8391E309E3AB}
	EndGlobalSection
EndGlobal
